
Microsoft Visual Studio Solution File, Format Version 12.00
# Visual Studio Version 16
VisualStudioVersion = 25.0.1706.0
MinimumVisualStudioVersion = 10.0.40219.1
Project("{FAE04EC0-301F-11D3-BF4B-00C04F79EFBC}") = "Tuunes Assessment", "Tuunes Assessment.csproj", "{9740A3A8-948E-4603-B5B1-63541E5A5798}"
EndProject
Global
	GlobalSection(SolutionConfigurationPlatforms) = preSolution
		Debug|Any CPU = Debug|Any CPU
		Release|Any CPU = Release|Any CPU
	EndGlobalSection
	GlobalSection(ProjectConfigurationPlatforms) = postSolution
		{9740A3A8-948E-4603-B5B1-63541E5A5798}.Debug|Any CPU.ActiveCfg = Debug|Any CPU
		{9740A3A8-948E-4603-B5B1-63541E5A5798}.Debug|Any CPU.Build.0 = Debug|Any CPU
		{9740A3A8-948E-4603-B5B1-63541E5A5798}.Release|Any CPU.ActiveCfg = Release|Any CPU
		{9740A3A8-948E-4603-B5B1-63541E5A5798}.Release|Any CPU.Build.0 = Release|Any CPU
	EndGlobalSection
	GlobalSection(SolutionProperties) = preSolution
		HideSolutionNode = FALSE
	EndGlobalSection
	GlobalSection(ExtensibilityGlobals) = postSolution
		SolutionGuid = {3D777C76-E1C7-42B2-95A5-ED573945FBDB}
	EndGlobalSection
EndGlobal
